
Microsoft Visual Studio Solution File, Format Version 12.00
Project("{FAE04EC0-301F-11D3-BF4B-00C04F79EFBC}") = "Randomizer", "Randomizer\Randomizer.csproj", "{F37CC6E1-AD0D-4876-AE50-0B2185FF1763}"
EndProject
Global
	GlobalSection(SolutionConfigurationPlatforms) = preSolution
		Debug|Any CPU = Debug|Any CPU
		Release|Any CPU = Release|Any CPU
	EndGlobalSection
	GlobalSection(ProjectConfigurationPlatforms) = postSolution
		{F37CC6E1-AD0D-4876-AE50-0B2185FF1763}.Debug|Any CPU.ActiveCfg = Debug|Any CPU
		{F37CC6E1-AD0D-4876-AE50-0B2185FF1763}.Debug|Any CPU.Build.0 = Debug|Any CPU
		{F37CC6E1-AD0D-4876-AE50-0B2185FF1763}.Release|Any CPU.ActiveCfg = Release|Any CPU
		{F37CC6E1-AD0D-4876-AE50-0B2185FF1763}.Release|Any CPU.Build.0 = Release|Any CPU
	EndGlobalSection
EndGlobal
